# generated by rye
# use `rye lock` or `rye sync` to update this lockfile
#
# last locked with the following flags:
#   pre: false
#   features: []
#   all-features: false
#   with-sources: false
#   generate-hashes: false

-e file:.
certifi==2024.8.30
    # via requests
charset-normalizer==3.4.0
    # via requests
idna==3.10
    # via requests
iniconfig==2.0.0
    # via pytest
packaging==24.2
    # via pytest
pluggy==1.5.0
    # via pytest
pytest==8.3.4
requests==2.32.3
    # via nukedockerbuild
urllib3==2.2.3
    # via requests
